// !$*UTF8*$!
{
	archiveVersion = 1;
	classes = {
	};
	objectVersion = 50;
	objects = {

/* Begin PBXBuildFile section */
		6AA94A3981B5B0EBBB9B34ED /* Pods_Weda.framework in Frameworks */ = {isa = PBXBuildFile; fileRef = 76067E055FD91CE113A2C1CB /* Pods_Weda.framework */; };
		CF56E5DA212BDB64008561B5 /* AppDelegate.swift in Sources */ = {isa = PBXBuildFile; fileRef = CF56E5D9212BDB64008561B5 /* AppDelegate.swift */; };
		CF56E5DC212BDB64008561B5 /* WeatherListViewController.swift in Sources */ = {isa = PBXBuildFile; fileRef = CF56E5DB212BDB64008561B5 /* WeatherListViewController.swift */; };
		CF56E5DF212BDB64008561B5 /* Main.storyboard in Resources */ = {isa = PBXBuildFile; fileRef = CF56E5DD212BDB64008561B5 /* Main.storyboard */; };
		CF56E5E2212BDB64008561B5 /* Weda.xcdatamodeld in Sources */ = {isa = PBXBuildFile; fileRef = CF56E5E0212BDB64008561B5 /* Weda.xcdatamodeld */; };
		CF56E5E4212BDB66008561B5 /* Assets.xcassets in Resources */ = {isa = PBXBuildFile; fileRef = CF56E5E3212BDB66008561B5 /* Assets.xcassets */; };
		CF56E5E7212BDB66008561B5 /* LaunchScreen.storyboard in Resources */ = {isa = PBXBuildFile; fileRef = CF56E5E5212BDB66008561B5 /* LaunchScreen.storyboard */; };
		CF56E5F6212BDE98008561B5 /* TodayViewCell.swift in Sources */ = {isa = PBXBuildFile; fileRef = CF56E5F4212BDE98008561B5 /* TodayViewCell.swift */; };
		CF56E5F7212BDE98008561B5 /* TodayViewCell.xib in Resources */ = {isa = PBXBuildFile; fileRef = CF56E5F5212BDE98008561B5 /* TodayViewCell.xib */; };
		CF56E5FB212BE488008561B5 /* NormalViewCell.swift in Sources */ = {isa = PBXBuildFile; fileRef = CF56E5F9212BE488008561B5 /* NormalViewCell.swift */; };
		CF56E5FC212BE488008561B5 /* NormalViewCell.xib in Resources */ = {isa = PBXBuildFile; fileRef = CF56E5FA212BE488008561B5 /* NormalViewCell.xib */; };
		CF56E5FF212BE9F6008561B5 /* Weather.swift in Sources */ = {isa = PBXBuildFile; fileRef = CF56E5FE212BE9F6008561B5 /* Weather.swift */; };
		CF56E601212BEAAD008561B5 /* WeatherViewModel.swift in Sources */ = {isa = PBXBuildFile; fileRef = CF56E600212BEAAD008561B5 /* WeatherViewModel.swift */; };
		CF56E604212C93B5008561B5 /* WeatherRemoteService.swift in Sources */ = {isa = PBXBuildFile; fileRef = CF56E603212C93B5008561B5 /* WeatherRemoteService.swift */; };
		CF56E606212D9CF8008561B5 /* WeatherDetailViewModel.swift in Sources */ = {isa = PBXBuildFile; fileRef = CF56E605212D9CF8008561B5 /* WeatherDetailViewModel.swift */; };
		CF56E608212D9F21008561B5 /* WeatherDetailViewController.swift in Sources */ = {isa = PBXBuildFile; fileRef = CF56E607212D9F21008561B5 /* WeatherDetailViewController.swift */; };
		CF868AF82130EDB4001C53EA /* WeatherRepository.swift in Sources */ = {isa = PBXBuildFile; fileRef = CF868AF72130EDB4001C53EA /* WeatherRepository.swift */; };
		CF868AFA2130EDE9001C53EA /* WeatherRepositoryProtocol.swift in Sources */ = {isa = PBXBuildFile; fileRef = CF868AF92130EDE9001C53EA /* WeatherRepositoryProtocol.swift */; };
		CF868AFC2130FF32001C53EA /* WeatherLocalService.swift in Sources */ = {isa = PBXBuildFile; fileRef = CF868AFB2130FF32001C53EA /* WeatherLocalService.swift */; };
/* End PBXBuildFile section */

/* Begin PBXFileReference section */
		76067E055FD91CE113A2C1CB /* Pods_Weda.framework */ = {isa = PBXFileReference; explicitFileType = wrapper.framework; includeInIndex = 0; path = Pods_Weda.framework; sourceTree = BUILT_PRODUCTS_DIR; };
		CF56E5D6212BDB64008561B5 /* Weda.app */ = {isa = PBXFileReference; explicitFileType = wrapper.application; includeInIndex = 0; path = Weda.app; sourceTree = BUILT_PRODUCTS_DIR; };
		CF56E5D9212BDB64008561B5 /* AppDelegate.swift */ = {isa = PBXFileReference; lastKnownFileType = sourcecode.swift; path = AppDelegate.swift; sourceTree = "<group>"; };
		CF56E5DB212BDB64008561B5 /* WeatherListViewController.swift */ = {isa = PBXFileReference; lastKnownFileType = sourcecode.swift; path = WeatherListViewController.swift; sourceTree = "<group>"; };
		CF56E5DE212BDB64008561B5 /* Base */ = {isa = PBXFileReference; lastKnownFileType = file.storyboard; name = Base; path = Base.lproj/Main.storyboard; sourceTree = "<group>"; };
		CF56E5E1212BDB64008561B5 /* Weda.xcdatamodel */ = {isa = PBXFileReference; lastKnownFileType = wrapper.xcdatamodel; path = Weda.xcdatamodel; sourceTree = "<group>"; };
		CF56E5E3212BDB66008561B5 /* Assets.xcassets */ = {isa = PBXFileReference; lastKnownFileType = folder.assetcatalog; path = Assets.xcassets; sourceTree = "<group>"; };
		CF56E5E6212BDB66008561B5 /* Base */ = {isa = PBXFileReference; lastKnownFileType = file.storyboard; name = Base; path = Base.lproj/LaunchScreen.storyboard; sourceTree = "<group>"; };
		CF56E5E8212BDB66008561B5 /* Info.plist */ = {isa = PBXFileReference; lastKnownFileType = text.plist.xml; path = Info.plist; sourceTree = "<group>"; };
		CF56E5F4212BDE98008561B5 /* TodayViewCell.swift */ = {isa = PBXFileReference; lastKnownFileType = sourcecode.swift; path = TodayViewCell.swift; sourceTree = "<group>"; };
		CF56E5F5212BDE98008561B5 /* TodayViewCell.xib */ = {isa = PBXFileReference; lastKnownFileType = file.xib; path = TodayViewCell.xib; sourceTree = "<group>"; };
		CF56E5F9212BE488008561B5 /* NormalViewCell.swift */ = {isa = PBXFileReference; lastKnownFileType = sourcecode.swift; path = NormalViewCell.swift; sourceTree = "<group>"; };
		CF56E5FA212BE488008561B5 /* NormalViewCell.xib */ = {isa = PBXFileReference; lastKnownFileType = file.xib; path = NormalViewCell.xib; sourceTree = "<group>"; };
		CF56E5FE212BE9F6008561B5 /* Weather.swift */ = {isa = PBXFileReference; lastKnownFileType = sourcecode.swift; path = Weather.swift; sourceTree = "<group>"; };
		CF56E600212BEAAD008561B5 /* WeatherViewModel.swift */ = {isa = PBXFileReference; lastKnownFileType = sourcecode.swift; path = WeatherViewModel.swift; sourceTree = "<group>"; };
		CF56E603212C93B5008561B5 /* WeatherRemoteService.swift */ = {isa = PBXFileReference; lastKnownFileType = sourcecode.swift; path = WeatherRemoteService.swift; sourceTree = "<group>"; };
		CF56E605212D9CF8008561B5 /* WeatherDetailViewModel.swift */ = {isa = PBXFileReference; lastKnownFileType = sourcecode.swift; path = WeatherDetailViewModel.swift; sourceTree = "<group>"; };
		CF56E607212D9F21008561B5 /* WeatherDetailViewController.swift */ = {isa = PBXFileReference; lastKnownFileType = sourcecode.swift; path = WeatherDetailViewController.swift; sourceTree = "<group>"; };
		CF868AF72130EDB4001C53EA /* WeatherRepository.swift */ = {isa = PBXFileReference; lastKnownFileType = sourcecode.swift; path = WeatherRepository.swift; sourceTree = "<group>"; };
		CF868AF92130EDE9001C53EA /* WeatherRepositoryProtocol.swift */ = {isa = PBXFileReference; lastKnownFileType = sourcecode.swift; path = WeatherRepositoryProtocol.swift; sourceTree = "<group>"; };
		CF868AFB2130FF32001C53EA /* WeatherLocalService.swift */ = {isa = PBXFileReference; lastKnownFileType = sourcecode.swift; path = WeatherLocalService.swift; sourceTree = "<group>"; };
		D56EE5CAFC12F1554C6ED388 /* Pods-Weda.debug.xcconfig */ = {isa = PBXFileReference; includeInIndex = 1; lastKnownFileType = text.xcconfig; name = "Pods-Weda.debug.xcconfig"; path = "Pods/Target Support Files/Pods-Weda/Pods-Weda.debug.xcconfig"; sourceTree = "<group>"; };
		FBF398829B57EEE908402844 /* Pods-Weda.release.xcconfig */ = {isa = PBXFileReference; includeInIndex = 1; lastKnownFileType = text.xcconfig; name = "Pods-Weda.release.xcconfig"; path = "Pods/Target Support Files/Pods-Weda/Pods-Weda.release.xcconfig"; sourceTree = "<group>"; };
/* End PBXFileReference section */

/* Begin PBXFrameworksBuildPhase section */
		CF56E5D3212BDB64008561B5 /* Frameworks */ = {
			isa = PBXFrameworksBuildPhase;
			buildActionMask = 2147483647;
			files = (
				6AA94A3981B5B0EBBB9B34ED /* Pods_Weda.framework in Frameworks */,
			);
			runOnlyForDeploymentPostprocessing = 0;
		};
/* End PBXFrameworksBuildPhase section */

/* Begin PBXGroup section */
		6CDA50A47BD7FD943C8CA5A1 /* Pods */ = {
			isa = PBXGroup;
			children = (
				D56EE5CAFC12F1554C6ED388 /* Pods-Weda.debug.xcconfig */,
				FBF398829B57EEE908402844 /* Pods-Weda.release.xcconfig */,
			);
			name = Pods;
			sourceTree = "<group>";
		};
		CF56E5CD212BDB64008561B5 = {
			isa = PBXGroup;
			children = (
				CF56E5D8212BDB64008561B5 /* Weda */,
				CF56E5D7212BDB64008561B5 /* Products */,
				6CDA50A47BD7FD943C8CA5A1 /* Pods */,
				E8B56E42854F6C6047BFEA59 /* Frameworks */,
			);
			sourceTree = "<group>";
		};
		CF56E5D7212BDB64008561B5 /* Products */ = {
			isa = PBXGroup;
			children = (
				CF56E5D6212BDB64008561B5 /* Weda.app */,
			);
			name = Products;
			sourceTree = "<group>";
		};
		CF56E5D8212BDB64008561B5 /* Weda */ = {
			isa = PBXGroup;
			children = (
				CF868AF62130ED4B001C53EA /* Repository */,
				CF56E5EE212BDBFC008561B5 /* Module */,
				CF56E5F3212BDCD0008561B5 /* Common */,
				CF56E5E3212BDB66008561B5 /* Assets.xcassets */,
				CF56E5E0212BDB64008561B5 /* Weda.xcdatamodeld */,
				CF56E5E8212BDB66008561B5 /* Info.plist */,
			);
			path = Weda;
			sourceTree = "<group>";
		};
		CF56E5EE212BDBFC008561B5 /* Module */ = {
			isa = PBXGroup;
			children = (
				CF56E5F2212BDC76008561B5 /* WeatherDetail */,
				CF56E5F1212BDC4C008561B5 /* WeatherList */,
			);
			path = Module;
			sourceTree = "<group>";
		};
		CF56E5EF212BDC21008561B5 /* Model */ = {
			isa = PBXGroup;
			children = (
				CF56E5FE212BE9F6008561B5 /* Weather.swift */,
			);
			path = Model;
			sourceTree = "<group>";
		};
		CF56E5F0212BDC3F008561B5 /* Source */ = {
			isa = PBXGroup;
			children = (
				CF56E603212C93B5008561B5 /* WeatherRemoteService.swift */,
				CF868AFB2130FF32001C53EA /* WeatherLocalService.swift */,
			);
			path = Source;
			sourceTree = "<group>";
		};
		CF56E5F1212BDC4C008561B5 /* WeatherList */ = {
			isa = PBXGroup;
			children = (
				CF56E5DB212BDB64008561B5 /* WeatherListViewController.swift */,
				CF56E600212BEAAD008561B5 /* WeatherViewModel.swift */,
				CF56E5FD212BE48F008561B5 /* Normal */,
				CF56E5F8212BDEA1008561B5 /* Today */,
			);
			path = WeatherList;
			sourceTree = "<group>";
		};
		CF56E5F2212BDC76008561B5 /* WeatherDetail */ = {
			isa = PBXGroup;
			children = (
				CF56E605212D9CF8008561B5 /* WeatherDetailViewModel.swift */,
				CF56E607212D9F21008561B5 /* WeatherDetailViewController.swift */,
			);
			path = WeatherDetail;
			sourceTree = "<group>";
		};
		CF56E5F3212BDCD0008561B5 /* Common */ = {
			isa = PBXGroup;
			children = (
				CF56E602212C9180008561B5 /* StoryBoards */,
				CF56E5D9212BDB64008561B5 /* AppDelegate.swift */,
			);
			path = Common;
			sourceTree = "<group>";
		};
		CF56E5F8212BDEA1008561B5 /* Today */ = {
			isa = PBXGroup;
			children = (
				CF56E5F4212BDE98008561B5 /* TodayViewCell.swift */,
				CF56E5F5212BDE98008561B5 /* TodayViewCell.xib */,
			);
			path = Today;
			sourceTree = "<group>";
		};
		CF56E5FD212BE48F008561B5 /* Normal */ = {
			isa = PBXGroup;
			children = (
				CF56E5F9212BE488008561B5 /* NormalViewCell.swift */,
				CF56E5FA212BE488008561B5 /* NormalViewCell.xib */,
			);
			path = Normal;
			sourceTree = "<group>";
		};
		CF56E602212C9180008561B5 /* StoryBoards */ = {
			isa = PBXGroup;
			children = (
				CF56E5DD212BDB64008561B5 /* Main.storyboard */,
				CF56E5E5212BDB66008561B5 /* LaunchScreen.storyboard */,
			);
			path = StoryBoards;
			sourceTree = "<group>";
		};
		CF868AF62130ED4B001C53EA /* Repository */ = {
			isa = PBXGroup;
			children = (
				CF56E5EF212BDC21008561B5 /* Model */,
				CF56E5F0212BDC3F008561B5 /* Source */,
				CF868AF72130EDB4001C53EA /* WeatherRepository.swift */,
				CF868AF92130EDE9001C53EA /* WeatherRepositoryProtocol.swift */,
			);
			path = Repository;
			sourceTree = "<group>";
		};
		E8B56E42854F6C6047BFEA59 /* Frameworks */ = {
			isa = PBXGroup;
			children = (
				76067E055FD91CE113A2C1CB /* Pods_Weda.framework */,
			);
			name = Frameworks;
			sourceTree = "<group>";
		};
/* End PBXGroup section */

/* Begin PBXNativeTarget section */
		CF56E5D5212BDB64008561B5 /* Weda */ = {
			isa = PBXNativeTarget;
			buildConfigurationList = CF56E5EB212BDB66008561B5 /* Build configuration list for PBXNativeTarget "Weda" */;
			buildPhases = (
				B8CEE70CC8BBD2B72546EC6E /* [CP] Check Pods Manifest.lock */,
				CF56E5D2212BDB64008561B5 /* Sources */,
				CF56E5D3212BDB64008561B5 /* Frameworks */,
				CF56E5D4212BDB64008561B5 /* Resources */,
				8D55456193B77DF41E2F893D /* [CP] Embed Pods Frameworks */,
			);
			buildRules = (
			);
			dependencies = (
			);
			name = Weda;
			productName = Weda;
			productReference = CF56E5D6212BDB64008561B5 /* Weda.app */;
			productType = "com.apple.product-type.application";
		};
/* End PBXNativeTarget section */

/* Begin PBXProject section */
		CF56E5CE212BDB64008561B5 /* Project object */ = {
			isa = PBXProject;
			attributes = {
				LastSwiftUpdateCheck = 0940;
				LastUpgradeCheck = 0940;
				ORGANIZATIONNAME = "OLUNUGA Mayowa";
				TargetAttributes = {
					CF56E5D5212BDB64008561B5 = {
						CreatedOnToolsVersion = 9.4.1;
					};
				};
			};
			buildConfigurationList = CF56E5D1212BDB64008561B5 /* Build configuration list for PBXProject "Weda" */;
			compatibilityVersion = "Xcode 9.3";
			developmentRegion = en;
			hasScannedForEncodings = 0;
			knownRegions = (
				en,
				Base,
			);
			mainGroup = CF56E5CD212BDB64008561B5;
			productRefGroup = CF56E5D7212BDB64008561B5 /* Products */;
			projectDirPath = "";
			projectRoot = "";
			targets = (
				CF56E5D5212BDB64008561B5 /* Weda */,
			);
		};
/* End PBXProject section */

/* Begin PBXResourcesBuildPhase section */
		CF56E5D4212BDB64008561B5 /* Resources */ = {
			isa = PBXResourcesBuildPhase;
			buildActionMask = 2147483647;
			files = (
				CF56E5E7212BDB66008561B5 /* LaunchScreen.storyboard in Resources */,
				CF56E5E4212BDB66008561B5 /* Assets.xcassets in Resources */,
				CF56E5F7212BDE98008561B5 /* TodayViewCell.xib in Resources */,
				CF56E5DF212BDB64008561B5 /* Main.storyboard in Resources */,
				CF56E5FC212BE488008561B5 /* NormalViewCell.xib in Resources */,
			);
			runOnlyForDeploymentPostprocessing = 0;
		};
/* End PBXResourcesBuildPhase section */

/* Begin PBXShellScriptBuildPhase section */
		8D55456193B77DF41E2F893D /* [CP] Embed Pods Frameworks */ = {
			isa = PBXShellScriptBuildPhase;
			buildActionMask = 2147483647;
			files = (
			);
			inputPaths = (
				"${SRCROOT}/Pods/Target Support Files/Pods-Weda/Pods-Weda-frameworks.sh",
				"${BUILT_PRODUCTS_DIR}/Alamofire/Alamofire.framework",
				"${BUILT_PRODUCTS_DIR}/Realm/Realm.framework",
				"${BUILT_PRODUCTS_DIR}/RealmSwift/RealmSwift.framework",
				"${BUILT_PRODUCTS_DIR}/SDWebImage/SDWebImage.framework",
				"${BUILT_PRODUCTS_DIR}/SwiftyJSON/SwiftyJSON.framework",
			);
			name = "[CP] Embed Pods Frameworks";
			outputPaths = (
				"${TARGET_BUILD_DIR}/${FRAMEWORKS_FOLDER_PATH}/Alamofire.framework",
				"${TARGET_BUILD_DIR}/${FRAMEWORKS_FOLDER_PATH}/Realm.framework",
				"${TARGET_BUILD_DIR}/${FRAMEWORKS_FOLDER_PATH}/RealmSwift.framework",
				"${TARGET_BUILD_DIR}/${FRAMEWORKS_FOLDER_PATH}/SDWebImage.framework",
				"${TARGET_BUILD_DIR}/${FRAMEWORKS_FOLDER_PATH}/SwiftyJSON.framework",
			);
			runOnlyForDeploymentPostprocessing = 0;
			shellPath = /bin/sh;
			shellScript = "\"${SRCROOT}/Pods/Target Support Files/Pods-Weda/Pods-Weda-frameworks.sh\"\n";
			showEnvVarsInLog = 0;
		};
		B8CEE70CC8BBD2B72546EC6E /* [CP] Check Pods Manifest.lock */ = {
			isa = PBXShellScriptBuildPhase;
			buildActionMask = 2147483647;
			files = (
			);
			inputPaths = (
				"${PODS_PODFILE_DIR_PATH}/Podfile.lock",
				"${PODS_ROOT}/Manifest.lock",
			);
			name = "[CP] Check Pods Manifest.lock";
			outputPaths = (
				"$(DERIVED_FILE_DIR)/Pods-Weda-checkManifestLockResult.txt",
			);
			runOnlyForDeploymentPostprocessing = 0;
			shellPath = /bin/sh;
			shellScript = "diff \"${PODS_PODFILE_DIR_PATH}/Podfile.lock\" \"${PODS_ROOT}/Manifest.lock\" > /dev/null\nif [ $? != 0 ] ; then\n    # print error to STDERR\n    echo \"error: The sandbox is not in sync with the Podfile.lock. Run 'pod install' or update your CocoaPods installation.\" >&2\n    exit 1\nfi\n# This output is used by Xcode 'outputs' to avoid re-running this script phase.\necho \"SUCCESS\" > \"${SCRIPT_OUTPUT_FILE_0}\"\n";
			showEnvVarsInLog = 0;
		};
/* End PBXShellScriptBuildPhase section */

/* Begin PBXSourcesBuildPhase section */
		CF56E5D2212BDB64008561B5 /* Sources */ = {
			isa = PBXSourcesBuildPhase;
			buildActionMask = 2147483647;
			files = (
				CF56E5FB212BE488008561B5 /* NormalViewCell.swift in Sources */,
				CF56E5DC212BDB64008561B5 /* WeatherListViewController.swift in Sources */,
				CF56E5DA212BDB64008561B5 /* AppDelegate.swift in Sources */,
				CF56E5F6212BDE98008561B5 /* TodayViewCell.swift in Sources */,
				CF56E604212C93B5008561B5 /* WeatherRemoteService.swift in Sources */,
				CF56E5FF212BE9F6008561B5 /* Weather.swift in Sources */,
				CF56E601212BEAAD008561B5 /* WeatherViewModel.swift in Sources */,
				CF868AFC2130FF32001C53EA /* WeatherLocalService.swift in Sources */,
				CF56E5E2212BDB64008561B5 /* Weda.xcdatamodeld in Sources */,
				CF868AFA2130EDE9001C53EA /* WeatherRepositoryProtocol.swift in Sources */,
				CF56E608212D9F21008561B5 /* WeatherDetailViewController.swift in Sources */,
				CF868AF82130EDB4001C53EA /* WeatherRepository.swift in Sources */,
				CF56E606212D9CF8008561B5 /* WeatherDetailViewModel.swift in Sources */,
			);
			runOnlyForDeploymentPostprocessing = 0;
		};
/* End PBXSourcesBuildPhase section */

/* Begin PBXVariantGroup section */
		CF56E5DD212BDB64008561B5 /* Main.storyboard */ = {
			isa = PBXVariantGroup;
			children = (
				CF56E5DE212BDB64008561B5 /* Base */,
			);
			name = Main.storyboard;
			sourceTree = "<group>";
		};
		CF56E5E5212BDB66008561B5 /* LaunchScreen.storyboard */ = {
			isa = PBXVariantGroup;
			children = (
				CF56E5E6212BDB66008561B5 /* Base */,
			);
			name = LaunchScreen.storyboard;
			sourceTree = "<group>";
		};
/* End PBXVariantGroup section */

/* Begin XCBuildConfiguration section */
		CF56E5E9212BDB66008561B5 /* Debug */ = {
			isa = XCBuildConfiguration;
			buildSettings = {
				ALWAYS_SEARCH_USER_PATHS = NO;
				CLANG_ANALYZER_NONNULL = YES;
				CLANG_ANALYZER_NUMBER_OBJECT_CONVERSION = YES_AGGRESSIVE;
				CLANG_CXX_LANGUAGE_STANDARD = "gnu++14";
				CLANG_CXX_LIBRARY = "libc++";
				CLANG_ENABLE_MODULES = YES;
				CLANG_ENABLE_OBJC_ARC = YES;
				CLANG_ENABLE_OBJC_WEAK = YES;
				CLANG_WARN_BLOCK_CAPTURE_AUTORELEASING = YES;
				CLANG_WARN_BOOL_CONVERSION = YES;
				CLANG_WARN_COMMA = YES;
				CLANG_WARN_CONSTANT_CONVERSION = YES;
				CLANG_WARN_DEPRECATED_OBJC_IMPLEMENTATIONS = YES;
				CLANG_WARN_DIRECT_OBJC_ISA_USAGE = YES_ERROR;
				CLANG_WARN_DOCUMENTATION_COMMENTS = YES;
				CLANG_WARN_EMPTY_BODY = YES;
				CLANG_WARN_ENUM_CONVERSION = YES;
				CLANG_WARN_INFINITE_RECURSION = YES;
				CLANG_WARN_INT_CONVERSION = YES;
				CLANG_WARN_NON_LITERAL_NULL_CONVERSION = YES;
				CLANG_WARN_OBJC_IMPLICIT_RETAIN_SELF = YES;
				CLANG_WARN_OBJC_LITERAL_CONVERSION = YES;
				CLANG_WARN_OBJC_ROOT_CLASS = YES_ERROR;
				CLANG_WARN_RANGE_LOOP_ANALYSIS = YES;
				CLANG_WARN_STRICT_PROTOTYPES = YES;
				CLANG_WARN_SUSPICIOUS_MOVE = YES;
				CLANG_WARN_UNGUARDED_AVAILABILITY = YES_AGGRESSIVE;
				CLANG_WARN_UNREACHABLE_CODE = YES;
				CLANG_WARN__DUPLICATE_METHOD_MATCH = YES;
				CODE_SIGN_IDENTITY = "iPhone Developer";
				COPY_PHASE_STRIP = NO;
				DEBUG_INFORMATION_FORMAT = dwarf;
				ENABLE_STRICT_OBJC_MSGSEND = YES;
				ENABLE_TESTABILITY = YES;
				GCC_C_LANGUAGE_STANDARD = gnu11;
				GCC_DYNAMIC_NO_PIC = NO;
				GCC_NO_COMMON_BLOCKS = YES;
				GCC_OPTIMIZATION_LEVEL = 0;
				GCC_PREPROCESSOR_DEFINITIONS = (
					"DEBUG=1",
					"$(inherited)",
				);
				GCC_WARN_64_TO_32_BIT_CONVERSION = YES;
				GCC_WARN_ABOUT_RETURN_TYPE = YES_ERROR;
				GCC_WARN_UNDECLARED_SELECTOR = YES;
				GCC_WARN_UNINITIALIZED_AUTOS = YES_AGGRESSIVE;
				GCC_WARN_UNUSED_FUNCTION = YES;
				GCC_WARN_UNUSED_VARIABLE = YES;
				IPHONEOS_DEPLOYMENT_TARGET = 11.4;
				MTL_ENABLE_DEBUG_INFO = YES;
				ONLY_ACTIVE_ARCH = YES;
				SDKROOT = iphoneos;
				SWIFT_ACTIVE_COMPILATION_CONDITIONS = DEBUG;
				SWIFT_OPTIMIZATION_LEVEL = "-Onone";
			};
			name = Debug;
		};
		CF56E5EA212BDB66008561B5 /* Release */ = {
			isa = XCBuildConfiguration;
			buildSettings = {
				ALWAYS_SEARCH_USER_PATHS = NO;
				CLANG_ANALYZER_NONNULL = YES;
				CLANG_ANALYZER_NUMBER_OBJECT_CONVERSION = YES_AGGRESSIVE;
				CLANG_CXX_LANGUAGE_STANDARD = "gnu++14";
				CLANG_CXX_LIBRARY = "libc++";
				CLANG_ENABLE_MODULES = YES;
				CLANG_ENABLE_OBJC_ARC = YES;
				CLANG_ENABLE_OBJC_WEAK = YES;
				CLANG_WARN_BLOCK_CAPTURE_AUTORELEASING = YES;
				CLANG_WARN_BOOL_CONVERSION = YES;
				CLANG_WARN_COMMA = YES;
				CLANG_WARN_CONSTANT_CONVERSION = YES;
				CLANG_WARN_DEPRECATED_OBJC_IMPLEMENTATIONS = YES;
				CLANG_WARN_DIRECT_OBJC_ISA_USAGE = YES_ERROR;
				CLANG_WARN_DOCUMENTATION_COMMENTS = YES;
				CLANG_WARN_EMPTY_BODY = YES;
				CLANG_WARN_ENUM_CONVERSION = YES;
				CLANG_WARN_INFINITE_RECURSION = YES;
				CLANG_WARN_INT_CONVERSION = YES;
				CLANG_WARN_NON_LITERAL_NULL_CONVERSION = YES;
				CLANG_WARN_OBJC_IMPLICIT_RETAIN_SELF = YES;
				CLANG_WARN_OBJC_LITERAL_CONVERSION = YES;
				CLANG_WARN_OBJC_ROOT_CLASS = YES_ERROR;
				CLANG_WARN_RANGE_LOOP_ANALYSIS = YES;
				CLANG_WARN_STRICT_PROTOTYPES = YES;
				CLANG_WARN_SUSPICIOUS_MOVE = YES;
				CLANG_WARN_UNGUARDED_AVAILABILITY = YES_AGGRESSIVE;
				CLANG_WARN_UNREACHABLE_CODE = YES;
				CLANG_WARN__DUPLICATE_METHOD_MATCH = YES;
				CODE_SIGN_IDENTITY = "iPhone Developer";
				COPY_PHASE_STRIP = NO;
				DEBUG_INFORMATION_FORMAT = "dwarf-with-dsym";
				ENABLE_NS_ASSERTIONS = NO;
				ENABLE_STRICT_OBJC_MSGSEND = YES;
				GCC_C_LANGUAGE_STANDARD = gnu11;
				GCC_NO_COMMON_BLOCKS = YES;
				GCC_WARN_64_TO_32_BIT_CONVERSION = YES;
				GCC_WARN_ABOUT_RETURN_TYPE = YES_ERROR;
				GCC_WARN_UNDECLARED_SELECTOR = YES;
				GCC_WARN_UNINITIALIZED_AUTOS = YES_AGGRESSIVE;
				GCC_WARN_UNUSED_FUNCTION = YES;
				GCC_WARN_UNUSED_VARIABLE = YES;
				IPHONEOS_DEPLOYMENT_TARGET = 11.4;
				MTL_ENABLE_DEBUG_INFO = NO;
				SDKROOT = iphoneos;
				SWIFT_COMPILATION_MODE = wholemodule;
				SWIFT_OPTIMIZATION_LEVEL = "-O";
				VALIDATE_PRODUCT = YES;
			};
			name = Release;
		};
		CF56E5EC212BDB66008561B5 /* Debug */ = {
			isa = XCBuildConfiguration;
			baseConfigurationReference = D56EE5CAFC12F1554C6ED388 /* Pods-Weda.debug.xcconfig */;
			buildSettings = {
				ASSETCATALOG_COMPILER_APPICON_NAME = AppIcon;
				CODE_SIGN_STYLE = Automatic;
				DEVELOPMENT_TEAM = CH4P23R94R;
				INFOPLIST_FILE = Weda/Info.plist;
				LD_RUNPATH_SEARCH_PATHS = (
					"$(inherited)",
					"@executable_path/Frameworks",
				);
				PRODUCT_BUNDLE_IDENTIFIER = com.finitebits.Weda;
				PRODUCT_NAME = "$(TARGET_NAME)";
				SWIFT_VERSION = 4.0;
				TARGETED_DEVICE_FAMILY = 1;
			};
			name = Debug;
		};
		CF56E5ED212BDB66008561B5 /* Release */ = {
			isa = XCBuildConfiguration;
			baseConfigurationReference = FBF398829B57EEE908402844 /* Pods-Weda.release.xcconfig */;
			buildSettings = {
				ASSETCATALOG_COMPILER_APPICON_NAME = AppIcon;
				CODE_SIGN_STYLE = Automatic;
				DEVELOPMENT_TEAM = CH4P23R94R;
				INFOPLIST_FILE = Weda/Info.plist;
				LD_RUNPATH_SEARCH_PATHS = (
					"$(inherited)",
					"@executable_path/Frameworks",
				);
				PRODUCT_BUNDLE_IDENTIFIER = com.finitebits.Weda;
				PRODUCT_NAME = "$(TARGET_NAME)";
				SWIFT_VERSION = 4.0;
				TARGETED_DEVICE_FAMILY = 1;
			};
			name = Release;
		};
/* End XCBuildConfiguration section */

/* Begin XCConfigurationList section */
		CF56E5D1212BDB64008561B5 /* Build configuration list for PBXProject "Weda" */ = {
			isa = XCConfigurationList;
			buildConfigurations = (
				CF56E5E9212BDB66008561B5 /* Debug */,
				CF56E5EA212BDB66008561B5 /* Release */,
			);
			defaultConfigurationIsVisible = 0;
			defaultConfigurationName = Release;
		};
		CF56E5EB212BDB66008561B5 /* Build configuration list for PBXNativeTarget "Weda" */ = {
			isa = XCConfigurationList;
			buildConfigurations = (
				CF56E5EC212BDB66008561B5 /* Debug */,
				CF56E5ED212BDB66008561B5 /* Release */,
			);
			defaultConfigurationIsVisible = 0;
			defaultConfigurationName = Release;
		};
/* End XCConfigurationList section */

/* Begin XCVersionGroup section */
		CF56E5E0212BDB64008561B5 /* Weda.xcdatamodeld */ = {
			isa = XCVersionGroup;
			children = (
				CF56E5E1212BDB64008561B5 /* Weda.xcdatamodel */,
			);
			currentVersion = CF56E5E1212BDB64008561B5 /* Weda.xcdatamodel */;
			path = Weda.xcdatamodeld;
			sourceTree = "<group>";
			versionGroupType = wrapper.xcdatamodel;
		};
/* End XCVersionGroup section */
	};
	rootObject = CF56E5CE212BDB64008561B5 /* Project object */;
}
